<?xml version="1.0" encoding="utf-8"?>
<Project ToolsVersion="4.0" xmlns="http://schemas.microsoft.com/developer/msbuild/2003">
  <ItemGroup>
    <ClCompile Include="src\managers\Assets.cpp">
      <Filter>src\managers</Filter>
    </ClCompile>
    <ClCompile Include="src\entities\EntityManager.cpp">
      <Filter>src\entities</Filter>
    </ClCompile>
    <ClCompile Include="src\GameLoop.cpp">
      <Filter>src</Filter>
    </ClCompile>
    <ClCompile Include="src\tools\ImageTools.cpp">
      <Filter>src\tools</Filter>
    </ClCompile>
    <ClCompile Include="src\Main.cpp">
      <Filter>src</Filter>
    </ClCompile>
    <ClCompile Include="src\map\Map.cpp">
      <Filter>src\map</Filter>
    </ClCompile>
    <ClCompile Include="src\input\MouseManager.cpp">
      <Filter>src\input</Filter>
    </ClCompile>
    <ClCompile Include="src\tools\Universal.cpp">
      <Filter>src\tools</Filter>
    </ClCompile>
    <ClCompile Include="src\Universe.cpp">
      <Filter>src</Filter>
    </ClCompile>
    <ClCompile Include="src\managers\WindowManager.cpp">
      <Filter>src\managers</Filter>
    </ClCompile>
    <ClCompile Include="src\tools\Animator.cpp">
      <Filter>src\tools</Filter>
    </ClCompile>
    <ClCompile Include="src\managers\StateManager.cpp">
      <Filter>src\managers</Filter>
    </ClCompile>
    <ClCompile Include="src\editor\Editor.cpp">
      <Filter>src\editor</Filter>
    </ClCompile>
    <ClCompile Include="src\map\Tiles.cpp">
      <Filter>src\map</Filter>
    </ClCompile>
    <ClCompile Include="src\map\Collision.cpp">
      <Filter>src\map</Filter>
    </ClCompile>
    <ClCompile Include="src\entities\fighters\managers\Movement.cpp">
      <Filter>src\entities\fighters\managers</Filter>
    </ClCompile>
    <ClCompile Include="src\entities\fighters\managers\Damage.cpp">
      <Filter>src\entities\fighters\managers</Filter>
    </ClCompile>
    <ClCompile Include="src\entities\fighters\Fighter.cpp">
      <Filter>src\entities\fighters</Filter>
    </ClCompile>
    <ClCompile Include="src\map\Camera.cpp">
      <Filter>src\map</Filter>
    </ClCompile>
    <ClCompile Include="src\tools\MapParser.cpp">
      <Filter>src\tools</Filter>
    </ClCompile>
    <ClCompile Include="src\ui\GameUI.cpp">
      <Filter>src\ui</Filter>
    </ClCompile>
    <ClCompile Include="src\ui\DebugUI.cpp">
      <Filter>src\ui</Filter>
    </ClCompile>
    <ClCompile Include="src\input\InputManager.cpp">
      <Filter>src\input</Filter>
    </ClCompile>
    <ClCompile Include="src\ui\MenuUI.cpp">
      <Filter>src\ui</Filter>
    </ClCompile>
    <ClCompile Include="src\tools\timer\TimerCallback.cpp">
      <Filter>src\tools\timer</Filter>
    </ClCompile>
    <ClCompile Include="src\particles\ParticleManager.cpp">
      <Filter>src\particles</Filter>
    </ClCompile>
    <ClCompile Include="src\renderer\Renderer.cpp">
      <Filter>src\renderer</Filter>
    </ClCompile>
    <ClCompile Include="src\renderer\Texture.cpp">
      <Filter>src\renderer</Filter>
    </ClCompile>
    <ClCompile Include="src\particles\ParticleController.cpp">
      <Filter>src\particles</Filter>
    </ClCompile>
    <ClCompile Include="src\renderer\BufferObject.cpp">
      <Filter>src\renderer</Filter>
    </ClCompile>
    <ClCompile Include="src\particles\components\ParticleRenderer.cpp">
      <Filter>src\particles</Filter>
    </ClCompile>
    <ClCompile Include="src\particles\components\ParticleEmitter.cpp">
      <Filter>src\particles</Filter>
    </ClCompile>
    <ClCompile Include="src\particles\components\ParticleMovement.cpp" />
    <ClCompile Include="src\ui\components\Text.cpp">
      <Filter>src\ui\tools</Filter>
    </ClCompile>
    <ClCompile Include="src\ui\components\DropdownBox.cpp" />
    <ClCompile Include="src\ui\OptionsUI.cpp" />
    <ClCompile Include="src\ui\components\Button.cpp" />
    <ClCompile Include="src\ui\components\MessageBox.cpp" />
    <ClCompile Include="src\ui\MessageBoxManager.cpp" />
    <ClCompile Include="src\ui\TitleUI.cpp" />
  </ItemGroup>
  <ItemGroup>
    <ClInclude Include="src\managers\Assets.h">
      <Filter>src\managers</Filter>
    </ClInclude>
    <ClInclude Include="src\entities\EntityManager.h">
      <Filter>src\entities</Filter>
    </ClInclude>
    <ClInclude Include="src\GameLoop.h">
      <Filter>src</Filter>
    </ClInclude>
    <ClInclude Include="src\tools\ImageTools.h">
      <Filter>src\tools</Filter>
    </ClInclude>
    <ClInclude Include="src\Main.h">
      <Filter>src</Filter>
    </ClInclude>
    <ClInclude Include="src\map\Map.h">
      <Filter>src\map</Filter>
    </ClInclude>
    <ClInclude Include="src\input\MouseManager.h">
      <Filter>src\input</Filter>
    </ClInclude>
    <ClInclude Include="src\tools\Point2D.h">
      <Filter>src\tools</Filter>
    </ClInclude>
    <ClInclude Include="src\tools\Point2DF.h">
      <Filter>src\tools</Filter>
    </ClInclude>
    <ClInclude Include="src\tools\Universal.h">
      <Filter>src\tools</Filter>
    </ClInclude>
    <ClInclude Include="src\Universe.h">
      <Filter>src</Filter>
    </ClInclude>
    <ClInclude Include="src\managers\WindowManager.h">
      <Filter>src\managers</Filter>
    </ClInclude>
    <ClInclude Include="src\tools\Animator.h">
      <Filter>src\tools</Filter>
    </ClInclude>
    <ClInclude Include="src\managers\StateManager.h">
      <Filter>src\managers</Filter>
    </ClInclude>
    <ClInclude Include="src\editor\Editor.h">
      <Filter>src\editor</Filter>
    </ClInclude>
    <ClInclude Include="src\map\Node.h">
      <Filter>src\map</Filter>
    </ClInclude>
    <ClInclude Include="src\map\Tiles.h">
      <Filter>src\map</Filter>
    </ClInclude>
    <ClInclude Include="src\map\Collision.h">
      <Filter>src\map</Filter>
    </ClInclude>
    <ClInclude Include="src\entities\fighters\moves\CaptainFalcon.h">
      <Filter>src\entities\fighters\moves</Filter>
    </ClInclude>
    <ClInclude Include="src\entities\fighters\moves\Moves.h">
      <Filter>src\entities\fighters\moves</Filter>
    </ClInclude>
    <ClInclude Include="src\entities\fighters\managers\Movement.h">
      <Filter>src\entities\fighters\managers</Filter>
    </ClInclude>
    <ClInclude Include="src\entities\fighters\managers\Damage.h">
      <Filter>src\entities\fighters\managers</Filter>
    </ClInclude>
    <ClInclude Include="src\entities\fighters\Fighter.h">
      <Filter>src\entities\fighters</Filter>
    </ClInclude>
    <ClInclude Include="src\map\Camera.h">
      <Filter>src\map</Filter>
    </ClInclude>
    <ClInclude Include="src\tools\MapParser.h">
      <Filter>src\tools</Filter>
    </ClInclude>
    <ClInclude Include="src\ui\GameUI.h">
      <Filter>src\ui</Filter>
    </ClInclude>
    <ClInclude Include="src\ui\DebugUI.h">
      <Filter>src\ui</Filter>
    </ClInclude>
    <ClInclude Include="src\entities\fighters\managers\FighterBase.h">
      <Filter>src\entities\fighters\managers</Filter>
    </ClInclude>
    <ClInclude Include="src\input\InputManager.h">
      <Filter>src\input</Filter>
    </ClInclude>
    <ClInclude Include="src\input\Joystick.h">
      <Filter>src\input</Filter>
    </ClInclude>
    <ClInclude Include="src\input\Key.h">
      <Filter>src\input</Filter>
    </ClInclude>
    <ClInclude Include="src\ui\MenuUI.h">
      <Filter>src\ui</Filter>
    </ClInclude>
    <ClInclude Include="src\tools\timer\Timer.h">
      <Filter>src\tools\timer</Filter>
    </ClInclude>
    <ClInclude Include="src\tools\timer\TimerCallback.h">
      <Filter>src\tools\timer</Filter>
    </ClInclude>
    <ClInclude Include="src\particles\ParticleManager.h">
      <Filter>src\particles</Filter>
    </ClInclude>
    <ClInclude Include="src\renderer\Renderer.h">
      <Filter>src\renderer</Filter>
    </ClInclude>
    <ClInclude Include="src\renderer\Texture.h">
      <Filter>src\renderer</Filter>
    </ClInclude>
    <ClInclude Include="src\particles\ParticleController.h">
      <Filter>src\particles</Filter>
    </ClInclude>
    <ClInclude Include="src\renderer\BufferObject.h">
      <Filter>src\renderer</Filter>
    </ClInclude>
    <ClInclude Include="src\particles\Particle.h">
      <Filter>src\particles</Filter>
    </ClInclude>
    <ClInclude Include="src\tools\Point3D.h">
      <Filter>src\tools</Filter>
    </ClInclude>
    <ClInclude Include="src\tools\Point3Df.h">
      <Filter>src\tools</Filter>
    </ClInclude>
    <ClInclude Include="src\tools\RGBA.h">
      <Filter>src\tools</Filter>
    </ClInclude>
    <ClInclude Include="src\renderer\VertexPoint.h">
      <Filter>src\renderer</Filter>
    </ClInclude>
    <ClInclude Include="src\particles\components\ParticleRenderer.h">
      <Filter>src\particles</Filter>
    </ClInclude>
    <ClInclude Include="src\particles\components\ParticleEmitter.h">
      <Filter>src\particles</Filter>
    </ClInclude>
    <ClInclude Include="src\particles\components\ParticleMovement.h" />
    <ClInclude Include="src\particles\ParticleTypes.h" />
    <ClInclude Include="src\ui\components\Text.h">
      <Filter>src\ui\tools</Filter>
    </ClInclude>
    <ClInclude Include="src\ui\components\DropdownBox.h" />
    <ClInclude Include="src\ui\components\DropBox.h" />
    <ClInclude Include="src\ui\OptionsUI.h" />
    <ClInclude Include="src\ui\components\Button.h" />
    <ClInclude Include="src\ui\components\MessageBox.h" />
    <ClInclude Include="src\ui\MessageBoxManager.h" />
    <ClInclude Include="src\ui\TitleUI.h" />
    <ClInclude Include="src\entities\fighters\moves\Thor.h" />
  </ItemGroup>
  <ItemGroup>
    <None Include="libfreetype-6.dll">
      <Filter>lib</Filter>
    </None>
    <None Include="libjpeg-9.dll">
      <Filter>lib</Filter>
    </None>
    <None Include="libpng16-16.dll">
      <Filter>lib</Filter>
    </None>
    <None Include="libtiff-5.dll">
      <Filter>lib</Filter>
    </None>
    <None Include="SDL2.dll">
      <Filter>lib</Filter>
    </None>
    <None Include="SDL2_image.dll">
      <Filter>lib</Filter>
    </None>
    <None Include="SDL2_ttf.dll">
      <Filter>lib</Filter>
    </None>
    <None Include="zlib1.dll">
      <Filter>lib</Filter>
    </None>
    <None Include="libwebp-4.dll">
      <Filter>lib</Filter>
    </None>
    <None Include="opengl.dll">
      <Filter>lib</Filter>
    </None>
    <None Include="msvcp120.dll">
      <Filter>lib</Filter>
    </None>
    <None Include="glew32.dll">
      <Filter>lib</Filter>
    </None>
  </ItemGroup>
  <ItemGroup>
    <Filter Include="src">
      <UniqueIdentifier>{34c084b6-40cf-4608-be5f-5c0fb57dd275}</UniqueIdentifier>
    </Filter>
    <Filter Include="lib">
      <UniqueIdentifier>{51f555d7-130b-4e4e-9a7d-68fa99fc3ca6}</UniqueIdentifier>
    </Filter>
    <Filter Include="src\managers">
      <UniqueIdentifier>{54d0c5b6-1259-4e4e-af26-a1a7ca26bf28}</UniqueIdentifier>
    </Filter>
    <Filter Include="src\entities">
      <UniqueIdentifier>{152d1602-333d-4d67-87aa-7da319078f73}</UniqueIdentifier>
    </Filter>
    <Filter Include="src\input">
      <UniqueIdentifier>{76b04e6d-5e00-488c-8aee-f657d528cb27}</UniqueIdentifier>
    </Filter>
    <Filter Include="src\map">
      <UniqueIdentifier>{dc3cf021-e652-4ae1-b089-b9e296c548c0}</UniqueIdentifier>
    </Filter>
    <Filter Include="src\tools">
      <UniqueIdentifier>{ce591d42-42f6-4b60-8820-f543e728703b}</UniqueIdentifier>
    </Filter>
    <Filter Include="src\ui">
      <UniqueIdentifier>{28d30732-54a0-4e89-8965-41584819030b}</UniqueIdentifier>
    </Filter>
    <Filter Include="src\editor">
      <UniqueIdentifier>{56b6e0be-db06-4efc-bc73-97cc644dee2a}</UniqueIdentifier>
    </Filter>
    <Filter Include="src\entities\fighters">
      <UniqueIdentifier>{79a439da-6973-4cb9-b5c4-4f8dc04ecb31}</UniqueIdentifier>
    </Filter>
    <Filter Include="src\entities\fighters\moves">
      <UniqueIdentifier>{de15016d-f221-487e-8e84-6df8b333066c}</UniqueIdentifier>
    </Filter>
    <Filter Include="src\entities\fighters\managers">
      <UniqueIdentifier>{1136aba1-a097-4b0c-841e-5f04059eeb35}</UniqueIdentifier>
    </Filter>
    <Filter Include="src\ui\tools">
      <UniqueIdentifier>{441cc830-e750-42b3-bb8d-723327d00f25}</UniqueIdentifier>
    </Filter>
    <Filter Include="src\tools\timer">
      <UniqueIdentifier>{90bafe7b-4bb5-4199-80ee-b8cb01dbb58e}</UniqueIdentifier>
    </Filter>
    <Filter Include="src\particles">
      <UniqueIdentifier>{eeec4883-6857-41b8-987f-4ae05936d115}</UniqueIdentifier>
    </Filter>
    <Filter Include="src\renderer">
      <UniqueIdentifier>{3a1e515b-ea1e-4e7e-a300-9364b588118d}</UniqueIdentifier>
    </Filter>
  </ItemGroup>
</Project>